{
  "name": "hoverguy",
  "version": "1.0.0",
  "lockfileVersion": 3,
  "requires": true,
  "packages": {
    "": {
      "name": "hoverguy",
      "version": "1.0.0",
      "license": "ISC",
      "dependencies": {
        "pixi.js": "^6.0.2"
      }
    },
    "node_modules/@pixi/accessibility": {
      "version": "6.0.2",
      "resolved": "https://registry.npmjs.org/@pixi/accessibility/-/accessibility-6.0.2.tgz",
      "integrity": "sha512-zHJcrGmpphnqjUQr+5HhcoInuKxZu3PxGl/NRgTC5gpWp259D0LBPT7k3Lt45r4kruDCMUGpMZVb1s46IZniSQ==",
      "dependencies": {
        "@pixi/canvas-renderer": "6.0.2",
        "@pixi/core": "6.0.2",
        "@pixi/display": "6.0.2",
        "@pixi/utils": "6.0.2"
      }
    },
    "node_modules/@pixi/accessibility/node_modules/@pixi/core": {
      "version": "6.0.2",
      "resolved": "https://registry.npmjs.org/@pixi/core/-/core-6.0.2.tgz",
      "integrity": "sha512-Bz0WQDncrXuLEjU6pX5INrCLd5UorgBfufgysQzncOITIER4sZjAq5R/mCS1M3d4mGFhXZQyMyQK+O4LacWvOQ==",
      "dependencies": {
        "@pixi/constants": "6.0.2",
        "@pixi/math": "6.0.2",
        "@pixi/runner": "6.0.2",
        "@pixi/settings": "6.0.2",
        "@pixi/ticker": "6.0.2",
        "@pixi/utils": "6.0.2"
      },
      "funding": {
        "type": "opencollective",
        "url": "https://opencollective.com/pixijs"
      }
    },
    "node_modules/@pixi/app": {
      "version": "6.0.2",
      "resolved": "https://registry.npmjs.org/@pixi/app/-/app-6.0.2.tgz",
      "integrity": "sha512-zHCzO0K5jJ48ngbH4FpdYJh1LxuGn9mJSIOF8YorqXFt+3drM9R9/qGGfSGdA9O7rW0O0uIkSndQwPXIlOIsUA==",
      "dependencies": {
        "@pixi/core": "6.0.2",
        "@pixi/display": "6.0.2"
      }
    },
    "node_modules/@pixi/app/node_modules/@pixi/core": {
      "version": "6.0.2",
      "resolved": "https://registry.npmjs.org/@pixi/core/-/core-6.0.2.tgz",
      "integrity": "sha512-Bz0WQDncrXuLEjU6pX5INrCLd5UorgBfufgysQzncOITIER4sZjAq5R/mCS1M3d4mGFhXZQyMyQK+O4LacWvOQ==",
      "dependencies": {
        "@pixi/constants": "6.0.2",
        "@pixi/math": "6.0.2",
        "@pixi/runner": "6.0.2",
        "@pixi/settings": "6.0.2",
        "@pixi/ticker": "6.0.2",
        "@pixi/utils": "6.0.2"
      },
      "funding": {
        "type": "opencollective",
        "url": "https://opencollective.com/pixijs"
      }
    },
    "node_modules/@pixi/canvas-renderer": {
      "version": "6.0.2",
      "resolved": "https://registry.npmjs.org/@pixi/canvas-renderer/-/canvas-renderer-6.0.2.tgz",
      "integrity": "sha512-SL3pLxAjEQdVN8Tp/p2svciKeA0DRH7HhlO95frVwxzvG4Z3GGYU39f3ejtCaLPqLGzEJmLND7lbIXh0b+Ornw==",
      "dependencies": {
        "@pixi/constants": "6.0.2",
        "@pixi/core": "6.0.2",
        "@pixi/math": "6.0.2",
        "@pixi/settings": "6.0.2",
        "@pixi/utils": "6.0.2"
      }
    },
    "node_modules/@pixi/canvas-renderer/node_modules/@pixi/core": {
      "version": "6.0.2",
      "resolved": "https://registry.npmjs.org/@pixi/core/-/core-6.0.2.tgz",
      "integrity": "sha512-Bz0WQDncrXuLEjU6pX5INrCLd5UorgBfufgysQzncOITIER4sZjAq5R/mCS1M3d4mGFhXZQyMyQK+O4LacWvOQ==",
      "dependencies": {
        "@pixi/constants": "6.0.2",
        "@pixi/math": "6.0.2",
        "@pixi/runner": "6.0.2",
        "@pixi/settings": "6.0.2",
        "@pixi/ticker": "6.0.2",
        "@pixi/utils": "6.0.2"
      },
      "funding": {
        "type": "opencollective",
        "url": "https://opencollective.com/pixijs"
      }
    },
    "node_modules/@pixi/compressed-textures": {
      "version": "6.0.2",
      "resolved": "https://registry.npmjs.org/@pixi/compressed-textures/-/compressed-textures-6.0.2.tgz",
      "integrity": "sha512-SDuCLn/IEo8j1O+OYPVYy3Dz8+jAXLPdJsMYfs4GOGhsQWZ9js5bfLXWuwr6QRPOXoR3e8zb9qC3co8149pNLg==",
      "dependencies": {
        "@pixi/constants": "6.0.2",
        "@pixi/core": "6.0.2",
        "@pixi/loaders": "6.0.2"
      }
    },
    "node_modules/@pixi/compressed-textures/node_modules/@pixi/core": {
      "version": "6.0.2",
      "resolved": "https://registry.npmjs.org/@pixi/core/-/core-6.0.2.tgz",
      "integrity": "sha512-Bz0WQDncrXuLEjU6pX5INrCLd5UorgBfufgysQzncOITIER4sZjAq5R/mCS1M3d4mGFhXZQyMyQK+O4LacWvOQ==",
      "dependencies": {
        "@pixi/constants": "6.0.2",
        "@pixi/math": "6.0.2",
        "@pixi/runner": "6.0.2",
        "@pixi/settings": "6.0.2",
        "@pixi/ticker": "6.0.2",
        "@pixi/utils": "6.0.2"
      },
      "funding": {
        "type": "opencollective",
        "url": "https://opencollective.com/pixijs"
      }
    },
    "node_modules/@pixi/constants": {
      "version": "6.0.2",
      "resolved": "https://registry.npmjs.org/@pixi/constants/-/constants-6.0.2.tgz",
      "integrity": "sha512-4GSVKWr+qtjTj8IpRjXSnpkhF944ybjTSz9FnoqZZJgFxh/+9r53StHEGtKoK+BsSrmqbGzWax9krfc620KcLA=="
    },
    "node_modules/@pixi/display": {
      "version": "6.0.2",
      "resolved": "https://registry.npmjs.org/@pixi/display/-/display-6.0.2.tgz",
      "integrity": "sha512-5qJxwT07McA7EK2yFhqvAjEJpap4Xa2hUCRDfsxl+Fu1Y3zDNBKI7HB8+mWZdYtSnnh5fJxrrw5lPo4HX7M+6w==",
      "dependencies": {
        "@pixi/math": "6.0.2",
        "@pixi/settings": "6.0.2",
        "@pixi/utils": "6.0.2"
      }
    },
    "node_modules/@pixi/extract": {
      "version": "6.0.2",
      "resolved": "https://registry.npmjs.org/@pixi/extract/-/extract-6.0.2.tgz",
      "integrity": "sha512-vGrewyLREzZOGAjcJO60s7oDm8ATbJOB5KyxuJXOSmIuhEmP69ohmxt1Rk6W8nfUS5m3gYU2KsY//RfDghHzVA==",
      "dependencies": {
        "@pixi/core": "6.0.2",
        "@pixi/math": "6.0.2",
        "@pixi/utils": "6.0.2"
      }
    },
    "node_modules/@pixi/extract/node_modules/@pixi/core": {
      "version": "6.0.2",
      "resolved": "https://registry.npmjs.org/@pixi/core/-/core-6.0.2.tgz",
      "integrity": "sha512-Bz0WQDncrXuLEjU6pX5INrCLd5UorgBfufgysQzncOITIER4sZjAq5R/mCS1M3d4mGFhXZQyMyQK+O4LacWvOQ==",
      "dependencies": {
        "@pixi/constants": "6.0.2",
        "@pixi/math": "6.0.2",
        "@pixi/runner": "6.0.2",
        "@pixi/settings": "6.0.2",
        "@pixi/ticker": "6.0.2",
        "@pixi/utils": "6.0.2"
      },
      "funding": {
        "type": "opencollective",
        "url": "https://opencollective.com/pixijs"
      }
    },
    "node_modules/@pixi/filter-alpha": {
      "version": "6.0.2",
      "resolved": "https://registry.npmjs.org/@pixi/filter-alpha/-/filter-alpha-6.0.2.tgz",
      "integrity": "sha512-fk7I2mCdQLbt9KrxiCd1103okSoNGXnxa1uY1V66jouSo51IXB3PkNEIFbET/cYOM7kKiMui20sYath1g596ag==",
      "dependencies": {
        "@pixi/core": "6.0.2"
      }
    },
    "node_modules/@pixi/filter-alpha/node_modules/@pixi/core": {
      "version": "6.0.2",
      "resolved": "https://registry.npmjs.org/@pixi/core/-/core-6.0.2.tgz",
      "integrity": "sha512-Bz0WQDncrXuLEjU6pX5INrCLd5UorgBfufgysQzncOITIER4sZjAq5R/mCS1M3d4mGFhXZQyMyQK+O4LacWvOQ==",
      "dependencies": {
        "@pixi/constants": "6.0.2",
        "@pixi/math": "6.0.2",
        "@pixi/runner": "6.0.2",
        "@pixi/settings": "6.0.2",
        "@pixi/ticker": "6.0.2",
        "@pixi/utils": "6.0.2"
      },
      "funding": {
        "type": "opencollective",
        "url": "https://opencollective.com/pixijs"
      }
    },
    "node_modules/@pixi/filter-blur": {
      "version": "6.0.2",
      "resolved": "https://registry.npmjs.org/@pixi/filter-blur/-/filter-blur-6.0.2.tgz",
      "integrity": "sha512-FzaIl4l10lOW4+1SWFjLvK3MtH66zBG1SEa/cMUcVOfwZRIrg5pY3X842kZhNErm42yr9N2xBtKwwVBqQRbV8w==",
      "dependencies": {
        "@pixi/core": "6.0.2",
        "@pixi/settings": "6.0.2"
      }
    },
    "node_modules/@pixi/filter-blur/node_modules/@pixi/core": {
      "version": "6.0.2",
      "resolved": "https://registry.npmjs.org/@pixi/core/-/core-6.0.2.tgz",
      "integrity": "sha512-Bz0WQDncrXuLEjU6pX5INrCLd5UorgBfufgysQzncOITIER4sZjAq5R/mCS1M3d4mGFhXZQyMyQK+O4LacWvOQ==",
      "dependencies": {
        "@pixi/constants": "6.0.2",
        "@pixi/math": "6.0.2",
        "@pixi/runner": "6.0.2",
        "@pixi/settings": "6.0.2",
        "@pixi/ticker": "6.0.2",
        "@pixi/utils": "6.0.2"
      },
      "funding": {
        "type": "opencollective",
        "url": "https://opencollective.com/pixijs"
      }
    },
    "node_modules/@pixi/filter-color-matrix": {
      "version": "6.0.2",
      "resolved": "https://registry.npmjs.org/@pixi/filter-color-matrix/-/filter-color-matrix-6.0.2.tgz",
      "integrity": "sha512-zOKdURfQFBIqknpisG1Ow7BiYD7zVTAHU/Y4aPNBFwcAxET/fKFDB8vJFztO1g0C4v05ivjVXmvAuIAjlXdOhw==",
      "dependencies": {
        "@pixi/core": "6.0.2"
      }
    },
    "node_modules/@pixi/filter-color-matrix/node_modules/@pixi/core": {
      "version": "6.0.2",
      "resolved": "https://registry.npmjs.org/@pixi/core/-/core-6.0.2.tgz",
      "integrity": "sha512-Bz0WQDncrXuLEjU6pX5INrCLd5UorgBfufgysQzncOITIER4sZjAq5R/mCS1M3d4mGFhXZQyMyQK+O4LacWvOQ==",
      "dependencies": {
        "@pixi/constants": "6.0.2",
        "@pixi/math": "6.0.2",
        "@pixi/runner": "6.0.2",
        "@pixi/settings": "6.0.2",
        "@pixi/ticker": "6.0.2",
        "@pixi/utils": "6.0.2"
      },
      "funding": {
        "type": "opencollective",
        "url": "https://opencollective.com/pixijs"
      }
    },
    "node_modules/@pixi/filter-displacement": {
      "version": "6.0.2",
      "resolved": "https://registry.npmjs.org/@pixi/filter-displacement/-/filter-displacement-6.0.2.tgz",
      "integrity": "sha512-ozhpQ0YkGxsMDzE8u/zTYp0LZ52VBM849iCIqY/WSVZkjeNYB0XhUZdI/7RMDPMVfiQSENimacEpsOgzsOIPSA==",
      "dependencies": {
        "@pixi/core": "6.0.2",
        "@pixi/math": "6.0.2"
      }
    },
    "node_modules/@pixi/filter-displacement/node_modules/@pixi/core": {
      "version": "6.0.2",
      "resolved": "https://registry.npmjs.org/@pixi/core/-/core-6.0.2.tgz",
      "integrity": "sha512-Bz0WQDncrXuLEjU6pX5INrCLd5UorgBfufgysQzncOITIER4sZjAq5R/mCS1M3d4mGFhXZQyMyQK+O4LacWvOQ==",
      "dependencies": {
        "@pixi/constants": "6.0.2",
        "@pixi/math": "6.0.2",
        "@pixi/runner": "6.0.2",
        "@pixi/settings": "6.0.2",
        "@pixi/ticker": "6.0.2",
        "@pixi/utils": "6.0.2"
      },
      "funding": {
        "type": "opencollective",
        "url": "https://opencollective.com/pixijs"
      }
    },
    "node_modules/@pixi/filter-fxaa": {
      "version": "6.0.2",
      "resolved": "https://registry.npmjs.org/@pixi/filter-fxaa/-/filter-fxaa-6.0.2.tgz",
      "integrity": "sha512-dkX2udy4CqUuAS5yEu3udzdCbpZVdHgoVEksSiFiGzyC17uexkHaunQAgLb2UFGmjbdLT4Vk2FIrgM3+sMWQ3w==",
      "dependencies": {
        "@pixi/core": "6.0.2"
      }
    },
    "node_modules/@pixi/filter-fxaa/node_modules/@pixi/core": {
      "version": "6.0.2",
      "resolved": "https://registry.npmjs.org/@pixi/core/-/core-6.0.2.tgz",
      "integrity": "sha512-Bz0WQDncrXuLEjU6pX5INrCLd5UorgBfufgysQzncOITIER4sZjAq5R/mCS1M3d4mGFhXZQyMyQK+O4LacWvOQ==",
      "dependencies": {
        "@pixi/constants": "6.0.2",
        "@pixi/math": "6.0.2",
        "@pixi/runner": "6.0.2",
        "@pixi/settings": "6.0.2",
        "@pixi/ticker": "6.0.2",
        "@pixi/utils": "6.0.2"
      },
      "funding": {
        "type": "opencollective",
        "url": "https://opencollective.com/pixijs"
      }
    },
    "node_modules/@pixi/filter-noise": {
      "version": "6.0.2",
      "resolved": "https://registry.npmjs.org/@pixi/filter-noise/-/filter-noise-6.0.2.tgz",
      "integrity": "sha512-UnaRYV06qWe7ytBHZ8hK6ZH8Bnqhwtuhoj86pAv0Jhc8EXwcKC2wLT7JDFxBnjB1GwJuWDYnNrQpPsyRQsHNiA==",
      "dependencies": {
        "@pixi/core": "6.0.2"
      }
    },
    "node_modules/@pixi/filter-noise/node_modules/@pixi/core": {
      "version": "6.0.2",
      "resolved": "https://registry.npmjs.org/@pixi/core/-/core-6.0.2.tgz",
      "integrity": "sha512-Bz0WQDncrXuLEjU6pX5INrCLd5UorgBfufgysQzncOITIER4sZjAq5R/mCS1M3d4mGFhXZQyMyQK+O4LacWvOQ==",
      "dependencies": {
        "@pixi/constants": "6.0.2",
        "@pixi/math": "6.0.2",
        "@pixi/runner": "6.0.2",
        "@pixi/settings": "6.0.2",
        "@pixi/ticker": "6.0.2",
        "@pixi/utils": "6.0.2"
      },
      "funding": {
        "type": "opencollective",
        "url": "https://opencollective.com/pixijs"
      }
    },
    "node_modules/@pixi/graphics": {
      "version": "6.0.2",
      "resolved": "https://registry.npmjs.org/@pixi/graphics/-/graphics-6.0.2.tgz",
      "integrity": "sha512-/hONnNsWIo8O/0yQf2voBRi0aLnt7RXHXiYLb1d0bMkfYVHbn6r+TYZsz/mjOC1MRW+B0Bkh5ZxRWOgF3IpCiA==",
      "dependencies": {
        "@pixi/constants": "6.0.2",
        "@pixi/core": "6.0.2",
        "@pixi/display": "6.0.2",
        "@pixi/math": "6.0.2",
        "@pixi/sprite": "6.0.2",
        "@pixi/utils": "6.0.2"
      }
    },
    "node_modules/@pixi/graphics/node_modules/@pixi/core": {
      "version": "6.0.2",
      "resolved": "https://registry.npmjs.org/@pixi/core/-/core-6.0.2.tgz",
      "integrity": "sha512-Bz0WQDncrXuLEjU6pX5INrCLd5UorgBfufgysQzncOITIER4sZjAq5R/mCS1M3d4mGFhXZQyMyQK+O4LacWvOQ==",
      "dependencies": {
        "@pixi/constants": "6.0.2",
        "@pixi/math": "6.0.2",
        "@pixi/runner": "6.0.2",
        "@pixi/settings": "6.0.2",
        "@pixi/ticker": "6.0.2",
        "@pixi/utils": "6.0.2"
      },
      "funding": {
        "type": "opencollective",
        "url": "https://opencollective.com/pixijs"
      }
    },
    "node_modules/@pixi/interaction": {
      "version": "6.0.2",
      "resolved": "https://registry.npmjs.org/@pixi/interaction/-/interaction-6.0.2.tgz",
      "integrity": "sha512-YRT1reJXISgAf1+lRECpchR7+MUcGA/vdC612oG0fbrONCI0r1jMwMjdEcTnuMzZrzfSGL6yz0pkhIjWMjuY0g==",
      "dependencies": {
        "@pixi/core": "6.0.2",
        "@pixi/display": "6.0.2",
        "@pixi/math": "6.0.2",
        "@pixi/ticker": "6.0.2",
        "@pixi/utils": "6.0.2"
      }
    },
    "node_modules/@pixi/interaction/node_modules/@pixi/core": {
      "version": "6.0.2",
      "resolved": "https://registry.npmjs.org/@pixi/core/-/core-6.0.2.tgz",
      "integrity": "sha512-Bz0WQDncrXuLEjU6pX5INrCLd5UorgBfufgysQzncOITIER4sZjAq5R/mCS1M3d4mGFhXZQyMyQK+O4LacWvOQ==",
      "dependencies": {
        "@pixi/constants": "6.0.2",
        "@pixi/math": "6.0.2",
        "@pixi/runner": "6.0.2",
        "@pixi/settings": "6.0.2",
        "@pixi/ticker": "6.0.2",
        "@pixi/utils": "6.0.2"
      },
      "funding": {
        "type": "opencollective",
        "url": "https://opencollective.com/pixijs"
      }
    },
    "node_modules/@pixi/loaders": {
      "version": "6.0.2",
      "resolved": "https://registry.npmjs.org/@pixi/loaders/-/loaders-6.0.2.tgz",
      "integrity": "sha512-ir71du5YOoH/NW8/rNwQ5br+YCVcKWUAltsUaQfTCMLjPzaT8nHtsBiy/krQIGNus179l1h7NfGrSOK/RU936Q==",
      "dependencies": {
        "@pixi/constants": "6.0.2",
        "@pixi/core": "6.0.2",
        "@pixi/utils": "6.0.2",
        "resource-loader": "^3.0.1"
      }
    },
    "node_modules/@pixi/loaders/node_modules/@pixi/core": {
      "version": "6.0.2",
      "resolved": "https://registry.npmjs.org/@pixi/core/-/core-6.0.2.tgz",
      "integrity": "sha512-Bz0WQDncrXuLEjU6pX5INrCLd5UorgBfufgysQzncOITIER4sZjAq5R/mCS1M3d4mGFhXZQyMyQK+O4LacWvOQ==",
      "dependencies": {
        "@pixi/constants": "6.0.2",
        "@pixi/math": "6.0.2",
        "@pixi/runner": "6.0.2",
        "@pixi/settings": "6.0.2",
        "@pixi/ticker": "6.0.2",
        "@pixi/utils": "6.0.2"
      },
      "funding": {
        "type": "opencollective",
        "url": "https://opencollective.com/pixijs"
      }
    },
    "node_modules/@pixi/math": {
      "version": "6.0.2",
      "resolved": "https://registry.npmjs.org/@pixi/math/-/math-6.0.2.tgz",
      "integrity": "sha512-eA4VmqkWTUSRl1iYIu3sCitbg8+QfohU0Zk/61J1s0pzWtLjMECkrlcwiFfCxwNU7MhkOATQ53dxgmNtBa77zw=="
    },
    "node_modules/@pixi/mesh": {
      "version": "6.0.2",
      "resolved": "https://registry.npmjs.org/@pixi/mesh/-/mesh-6.0.2.tgz",
      "integrity": "sha512-Sc3VrB7/MQ4/Ju86Cks43pJlw6bH0o/SXm/UgIkW7B2cYQMdffcWwt3bOvdyeiChNJWN6308m9VtU0Dx+5xalA==",
      "dependencies": {
        "@pixi/constants": "6.0.2",
        "@pixi/core": "6.0.2",
        "@pixi/display": "6.0.2",
        "@pixi/math": "6.0.2",
        "@pixi/settings": "6.0.2",
        "@pixi/utils": "6.0.2"
      }
    },
    "node_modules/@pixi/mesh-extras": {
      "version": "6.0.2",
      "resolved": "https://registry.npmjs.org/@pixi/mesh-extras/-/mesh-extras-6.0.2.tgz",
      "integrity": "sha512-Q2O3/MR5ghMx95N2DnvYbyDL6aK9fU5cxLy6nEAd/i4iNyBA/XIfC7iB6WY207OyF9PIjPedT5Ha1SSSiujhAA==",
      "dependencies": {
        "@pixi/constants": "6.0.2",
        "@pixi/core": "6.0.2",
        "@pixi/math": "6.0.2",
        "@pixi/mesh": "6.0.2",
        "@pixi/utils": "6.0.2"
      }
    },
    "node_modules/@pixi/mesh-extras/node_modules/@pixi/core": {
      "version": "6.0.2",
      "resolved": "https://registry.npmjs.org/@pixi/core/-/core-6.0.2.tgz",
      "integrity": "sha512-Bz0WQDncrXuLEjU6pX5INrCLd5UorgBfufgysQzncOITIER4sZjAq5R/mCS1M3d4mGFhXZQyMyQK+O4LacWvOQ==",
      "dependencies": {
        "@pixi/constants": "6.0.2",
        "@pixi/math": "6.0.2",
        "@pixi/runner": "6.0.2",
        "@pixi/settings": "6.0.2",
        "@pixi/ticker": "6.0.2",
        "@pixi/utils": "6.0.2"
      },
      "funding": {
        "type": "opencollective",
        "url": "https://opencollective.com/pixijs"
      }
    },
    "node_modules/@pixi/mesh/node_modules/@pixi/core": {
      "version": "6.0.2",
      "resolved": "https://registry.npmjs.org/@pixi/core/-/core-6.0.2.tgz",
      "integrity": "sha512-Bz0WQDncrXuLEjU6pX5INrCLd5UorgBfufgysQzncOITIER4sZjAq5R/mCS1M3d4mGFhXZQyMyQK+O4LacWvOQ==",
      "dependencies": {
        "@pixi/constants": "6.0.2",
        "@pixi/math": "6.0.2",
        "@pixi/runner": "6.0.2",
        "@pixi/settings": "6.0.2",
        "@pixi/ticker": "6.0.2",
        "@pixi/utils": "6.0.2"
      },
      "funding": {
        "type": "opencollective",
        "url": "https://opencollective.com/pixijs"
      }
    },
    "node_modules/@pixi/mixin-cache-as-bitmap": {
      "version": "6.0.2",
      "resolved": "https://registry.npmjs.org/@pixi/mixin-cache-as-bitmap/-/mixin-cache-as-bitmap-6.0.2.tgz",
      "integrity": "sha512-GBS/s1sf01AWmWBiFD9ppx/20EZMGYvJ2vq/fK/7jmTRA1gTJVI9UA/Suhx3n2KVe7szRDHBAgKKuMjC0W4q7w==",
      "dependencies": {
        "@pixi/canvas-renderer": "6.0.2",
        "@pixi/core": "6.0.2",
        "@pixi/display": "6.0.2",
        "@pixi/math": "6.0.2",
        "@pixi/settings": "6.0.2",
        "@pixi/sprite": "6.0.2",
        "@pixi/utils": "6.0.2"
      }
    },
    "node_modules/@pixi/mixin-cache-as-bitmap/node_modules/@pixi/core": {
      "version": "6.0.2",
      "resolved": "https://registry.npmjs.org/@pixi/core/-/core-6.0.2.tgz",
      "integrity": "sha512-Bz0WQDncrXuLEjU6pX5INrCLd5UorgBfufgysQzncOITIER4sZjAq5R/mCS1M3d4mGFhXZQyMyQK+O4LacWvOQ==",
      "dependencies": {
        "@pixi/constants": "6.0.2",
        "@pixi/math": "6.0.2",
        "@pixi/runner": "6.0.2",
        "@pixi/settings": "6.0.2",
        "@pixi/ticker": "6.0.2",
        "@pixi/utils": "6.0.2"
      },
      "funding": {
        "type": "opencollective",
        "url": "https://opencollective.com/pixijs"
      }
    },
    "node_modules/@pixi/mixin-get-child-by-name": {
      "version": "6.0.2",
      "resolved": "https://registry.npmjs.org/@pixi/mixin-get-child-by-name/-/mixin-get-child-by-name-6.0.2.tgz",
      "integrity": "sha512-qQ+cqOXX50FG3DyuOS69iVc9uOox93ARJoBoh1d3aYwHMUg45oBTyX6xv3suquvPTDcLnKGrJeiHQ/c/xw7tRw==",
      "dependencies": {
        "@pixi/display": "6.0.2"
      }
    },
    "node_modules/@pixi/mixin-get-global-position": {
      "version": "6.0.2",
      "resolved": "https://registry.npmjs.org/@pixi/mixin-get-global-position/-/mixin-get-global-position-6.0.2.tgz",
      "integrity": "sha512-waO1D/asjNorJpE+hdJqCg1gnfqOVIUf2mZmKWfS4jW/OPvhbAR1pX6uXP2uZ6yLoK/Ft94x9faMjuDeqxMdFg==",
      "dependencies": {
        "@pixi/display": "6.0.2",
        "@pixi/math": "6.0.2"
      }
    },
    "node_modules/@pixi/particles": {
      "version": "6.0.2",
      "resolved": "https://registry.npmjs.org/@pixi/particles/-/particles-6.0.2.tgz",
      "integrity": "sha512-Z0vAjqmCGXrdwBmdiC7I4Flv0QQ0q4GxC1lqymT58KhA//GiZOLYp0FuK5RojslLrUu7w5MAfUWwLq7gruu2cQ==",
      "dependencies": {
        "@pixi/constants": "6.0.2",
        "@pixi/core": "6.0.2",
        "@pixi/display": "6.0.2",
        "@pixi/math": "6.0.2",
        "@pixi/utils": "6.0.2"
      }
    },
    "node_modules/@pixi/particles/node_modules/@pixi/core": {
      "version": "6.0.2",
      "resolved": "https://registry.npmjs.org/@pixi/core/-/core-6.0.2.tgz",
      "integrity": "sha512-Bz0WQDncrXuLEjU6pX5INrCLd5UorgBfufgysQzncOITIER4sZjAq5R/mCS1M3d4mGFhXZQyMyQK+O4LacWvOQ==",
      "dependencies": {
        "@pixi/constants": "6.0.2",
        "@pixi/math": "6.0.2",
        "@pixi/runner": "6.0.2",
        "@pixi/settings": "6.0.2",
        "@pixi/ticker": "6.0.2",
        "@pixi/utils": "6.0.2"
      },
      "funding": {
        "type": "opencollective",
        "url": "https://opencollective.com/pixijs"
      }
    },
    "node_modules/@pixi/polyfill": {
      "version": "6.0.2",
      "resolved": "https://registry.npmjs.org/@pixi/polyfill/-/polyfill-6.0.2.tgz",
      "integrity": "sha512-PD+d3kGPPKoYgkSQ/xT8U3y12T4StkcpCK6QfFy6k+dkWHzGcQI1aE46Vw6tZ+ZkFi5nRUTNk9C3VlwWt/Fdfw==",
      "dependencies": {
        "object-assign": "^4.1.1",
        "promise-polyfill": "^8.2.0"
      }
    },
    "node_modules/@pixi/prepare": {
      "version": "6.0.2",
      "resolved": "https://registry.npmjs.org/@pixi/prepare/-/prepare-6.0.2.tgz",
      "integrity": "sha512-bmVE/6qV7Psd3EhumLdeAH7MmU3VpuUcnbyDhrmrJrUmfbqrXiMApCLqGSYjMHQI/abZwFQ0vMgDQhx9dfG8wA==",
      "dependencies": {
        "@pixi/core": "6.0.2",
        "@pixi/display": "6.0.2",
        "@pixi/graphics": "6.0.2",
        "@pixi/settings": "6.0.2",
        "@pixi/text": "6.0.2",
        "@pixi/ticker": "6.0.2"
      }
    },
    "node_modules/@pixi/prepare/node_modules/@pixi/core": {
      "version": "6.0.2",
      "resolved": "https://registry.npmjs.org/@pixi/core/-/core-6.0.2.tgz",
      "integrity": "sha512-Bz0WQDncrXuLEjU6pX5INrCLd5UorgBfufgysQzncOITIER4sZjAq5R/mCS1M3d4mGFhXZQyMyQK+O4LacWvOQ==",
      "dependencies": {
        "@pixi/constants": "6.0.2",
        "@pixi/math": "6.0.2",
        "@pixi/runner": "6.0.2",
        "@pixi/settings": "6.0.2",
        "@pixi/ticker": "6.0.2",
        "@pixi/utils": "6.0.2"
      },
      "funding": {
        "type": "opencollective",
        "url": "https://opencollective.com/pixijs"
      }
    },
    "node_modules/@pixi/runner": {
      "version": "6.0.2",
      "resolved": "https://registry.npmjs.org/@pixi/runner/-/runner-6.0.2.tgz",
      "integrity": "sha512-HcaDuwT+kconUZJh9gzGy166R/0hWkgXpLX0mqUYo5qPKmhiC+balJsiha6IIV6Ckg5c5IX2GQBSkXJrEDlOMg=="
    },
    "node_modules/@pixi/settings": {
      "version": "6.0.2",
      "resolved": "https://registry.npmjs.org/@pixi/settings/-/settings-6.0.2.tgz",
      "integrity": "sha512-hZMZIKDsqpf2qtVAnZvemGcFw1ujkZb/r4nVn4/hYeyZLK63I5IpQKEPPK9NMicTM697V+BRoMbWqbrlubiLKw==",
      "dependencies": {
        "ismobilejs": "^1.1.0"
      }
    },
    "node_modules/@pixi/sprite": {
      "version": "6.0.2",
      "resolved": "https://registry.npmjs.org/@pixi/sprite/-/sprite-6.0.2.tgz",
      "integrity": "sha512-I9FHX0zxvfVg/L6hZVRX9kpsdbbxLu9KhN8kdJmDR+RGxuoxGrnboTx5VgT3AW0rYJvwp47VneQTKVVMjat11A==",
      "dependencies": {
        "@pixi/constants": "6.0.2",
        "@pixi/core": "6.0.2",
        "@pixi/display": "6.0.2",
        "@pixi/math": "6.0.2",
        "@pixi/settings": "6.0.2",
        "@pixi/utils": "6.0.2"
      }
    },
    "node_modules/@pixi/sprite-animated": {
      "version": "6.0.2",
      "resolved": "https://registry.npmjs.org/@pixi/sprite-animated/-/sprite-animated-6.0.2.tgz",
      "integrity": "sha512-OSINySJ1uk/iaD4Yk/3czRlitTMVIEgzgvqzSZL+GcqHqzc3lW/BpZ31+so+W/4Yv7KckzBJdB++GvsAfAU0kA==",
      "dependencies": {
        "@pixi/core": "6.0.2",
        "@pixi/sprite": "6.0.2",
        "@pixi/ticker": "6.0.2"
      }
    },
    "node_modules/@pixi/sprite-animated/node_modules/@pixi/core": {
      "version": "6.0.2",
      "resolved": "https://registry.npmjs.org/@pixi/core/-/core-6.0.2.tgz",
      "integrity": "sha512-Bz0WQDncrXuLEjU6pX5INrCLd5UorgBfufgysQzncOITIER4sZjAq5R/mCS1M3d4mGFhXZQyMyQK+O4LacWvOQ==",
      "dependencies": {
        "@pixi/constants": "6.0.2",
        "@pixi/math": "6.0.2",
        "@pixi/runner": "6.0.2",
        "@pixi/settings": "6.0.2",
        "@pixi/ticker": "6.0.2",
        "@pixi/utils": "6.0.2"
      },
      "funding": {
        "type": "opencollective",
        "url": "https://opencollective.com/pixijs"
      }
    },
    "node_modules/@pixi/sprite-tiling": {
      "version": "6.0.2",
      "resolved": "https://registry.npmjs.org/@pixi/sprite-tiling/-/sprite-tiling-6.0.2.tgz",
      "integrity": "sha512-tauohq//qEZirTM5A6pLKUIUgBPp1qTxjrI4lpFp4scalehAdR04dPe3a9JMr7uwmPiskQIB5/LZX7sMtl3jpg==",
      "dependencies": {
        "@pixi/constants": "6.0.2",
        "@pixi/core": "6.0.2",
        "@pixi/display": "6.0.2",
        "@pixi/math": "6.0.2",
        "@pixi/sprite": "6.0.2",
        "@pixi/utils": "6.0.2"
      }
    },
    "node_modules/@pixi/sprite-tiling/node_modules/@pixi/core": {
      "version": "6.0.2",
      "resolved": "https://registry.npmjs.org/@pixi/core/-/core-6.0.2.tgz",
      "integrity": "sha512-Bz0WQDncrXuLEjU6pX5INrCLd5UorgBfufgysQzncOITIER4sZjAq5R/mCS1M3d4mGFhXZQyMyQK+O4LacWvOQ==",
      "dependencies": {
        "@pixi/constants": "6.0.2",
        "@pixi/math": "6.0.2",
        "@pixi/runner": "6.0.2",
        "@pixi/settings": "6.0.2",
        "@pixi/ticker": "6.0.2",
        "@pixi/utils": "6.0.2"
      },
      "funding": {
        "type": "opencollective",
        "url": "https://opencollective.com/pixijs"
      }
    },
    "node_modules/@pixi/sprite/node_modules/@pixi/core": {
      "version": "6.0.2",
      "resolved": "https://registry.npmjs.org/@pixi/core/-/core-6.0.2.tgz",
      "integrity": "sha512-Bz0WQDncrXuLEjU6pX5INrCLd5UorgBfufgysQzncOITIER4sZjAq5R/mCS1M3d4mGFhXZQyMyQK+O4LacWvOQ==",
      "dependencies": {
        "@pixi/constants": "6.0.2",
        "@pixi/math": "6.0.2",
        "@pixi/runner": "6.0.2",
        "@pixi/settings": "6.0.2",
        "@pixi/ticker": "6.0.2",
        "@pixi/utils": "6.0.2"
      },
      "funding": {
        "type": "opencollective",
        "url": "https://opencollective.com/pixijs"
      }
    },
    "node_modules/@pixi/spritesheet": {
      "version": "6.0.2",
      "resolved": "https://registry.npmjs.org/@pixi/spritesheet/-/spritesheet-6.0.2.tgz",
      "integrity": "sha512-gWVxx0uWKaNtcj1beLZw0vvogDgmerct+oSA0pU6A3b20pDMrAPc90EuOEOOQ/xxxrHfpIY00IIXsUmAmmA0Zg==",
      "dependencies": {
        "@pixi/core": "6.0.2",
        "@pixi/loaders": "6.0.2",
        "@pixi/math": "6.0.2",
        "@pixi/utils": "6.0.2"
      }
    },
    "node_modules/@pixi/spritesheet/node_modules/@pixi/core": {
      "version": "6.0.2",
      "resolved": "https://registry.npmjs.org/@pixi/core/-/core-6.0.2.tgz",
      "integrity": "sha512-Bz0WQDncrXuLEjU6pX5INrCLd5UorgBfufgysQzncOITIER4sZjAq5R/mCS1M3d4mGFhXZQyMyQK+O4LacWvOQ==",
      "dependencies": {
        "@pixi/constants": "6.0.2",
        "@pixi/math": "6.0.2",
        "@pixi/runner": "6.0.2",
        "@pixi/settings": "6.0.2",
        "@pixi/ticker": "6.0.2",
        "@pixi/utils": "6.0.2"
      },
      "funding": {
        "type": "opencollective",
        "url": "https://opencollective.com/pixijs"
      }
    },
    "node_modules/@pixi/text": {
      "version": "6.0.2",
      "resolved": "https://registry.npmjs.org/@pixi/text/-/text-6.0.2.tgz",
      "integrity": "sha512-XBhiwLeuL8dBsPwXMDOq9O0JxZcOA2l0aOnFs2O2fZPLL4gkvyquZA+s95C6bGZMR+6j0xtFIQDCsBQCZl1A/g==",
      "dependencies": {
        "@pixi/core": "6.0.2",
        "@pixi/math": "6.0.2",
        "@pixi/settings": "6.0.2",
        "@pixi/sprite": "6.0.2",
        "@pixi/utils": "6.0.2"
      }
    },
    "node_modules/@pixi/text-bitmap": {
      "version": "6.0.2",
      "resolved": "https://registry.npmjs.org/@pixi/text-bitmap/-/text-bitmap-6.0.2.tgz",
      "integrity": "sha512-wT3JUp/Y1+B979UpIMibV3Cir0Tb1oi5Sc1r6FPr51KUfFxHMj6Q7+OV1YxJvSMoaKLK6efImfMXGKAKYtVXMQ==",
      "dependencies": {
        "@pixi/core": "6.0.2",
        "@pixi/display": "6.0.2",
        "@pixi/loaders": "6.0.2",
        "@pixi/math": "6.0.2",
        "@pixi/mesh": "6.0.2",
        "@pixi/settings": "6.0.2",
        "@pixi/text": "6.0.2",
        "@pixi/utils": "6.0.2"
      }
    },
    "node_modules/@pixi/text-bitmap/node_modules/@pixi/core": {
      "version": "6.0.2",
      "resolved": "https://registry.npmjs.org/@pixi/core/-/core-6.0.2.tgz",
      "integrity": "sha512-Bz0WQDncrXuLEjU6pX5INrCLd5UorgBfufgysQzncOITIER4sZjAq5R/mCS1M3d4mGFhXZQyMyQK+O4LacWvOQ==",
      "dependencies": {
        "@pixi/constants": "6.0.2",
        "@pixi/math": "6.0.2",
        "@pixi/runner": "6.0.2",
        "@pixi/settings": "6.0.2",
        "@pixi/ticker": "6.0.2",
        "@pixi/utils": "6.0.2"
      },
      "funding": {
        "type": "opencollective",
        "url": "https://opencollective.com/pixijs"
      }
    },
    "node_modules/@pixi/text/node_modules/@pixi/core": {
      "version": "6.0.2",
      "resolved": "https://registry.npmjs.org/@pixi/core/-/core-6.0.2.tgz",
      "integrity": "sha512-Bz0WQDncrXuLEjU6pX5INrCLd5UorgBfufgysQzncOITIER4sZjAq5R/mCS1M3d4mGFhXZQyMyQK+O4LacWvOQ==",
      "dependencies": {
        "@pixi/constants": "6.0.2",
        "@pixi/math": "6.0.2",
        "@pixi/runner": "6.0.2",
        "@pixi/settings": "6.0.2",
        "@pixi/ticker": "6.0.2",
        "@pixi/utils": "6.0.2"
      },
      "funding": {
        "type": "opencollective",
        "url": "https://opencollective.com/pixijs"
      }
    },
    "node_modules/@pixi/ticker": {
      "version": "6.0.2",
      "resolved": "https://registry.npmjs.org/@pixi/ticker/-/ticker-6.0.2.tgz",
      "integrity": "sha512-oBZTfId0D+hDbDCaYvREclI7jvIAmcaxd7iaOPcELHcPPyJ+ym+4hggsXSIchXeeFYasLjI5bfqJPzzL6IasTg==",
      "dependencies": {
        "@pixi/settings": "6.0.2"
      }
    },
    "node_modules/@pixi/utils": {
      "version": "6.0.2",
      "resolved": "https://registry.npmjs.org/@pixi/utils/-/utils-6.0.2.tgz",
      "integrity": "sha512-jx3ZYJ29mTJSqBPQbDUPPorsPXiGOQzL6IIW5vwE05LekYmwocR8b48vLYKdbr8XdyOQ7Eqe43PodiwCLjuWvA==",
      "dependencies": {
        "@pixi/constants": "6.0.2",
        "@pixi/settings": "6.0.2",
        "@types/earcut": "^2.1.0",
        "earcut": "^2.2.2",
        "eventemitter3": "^3.1.0",
        "url": "^0.11.0"
      }
    },
    "node_modules/@types/earcut": {
      "version": "2.1.4",
      "resolved": "https://registry.npmjs.org/@types/earcut/-/earcut-2.1.4.tgz",
      "integrity": "sha512-qp3m9PPz4gULB9MhjGID7wpo3gJ4bTGXm7ltNDsmOvsPduTeHp8wSW9YckBj3mljeOh4F0m2z/0JKAALRKbmLQ=="
    },
    "node_modules/call-bind": {
      "version": "1.0.7",
      "resolved": "https://registry.npmjs.org/call-bind/-/call-bind-1.0.7.tgz",
      "integrity": "sha512-GHTSNSYICQ7scH7sZ+M2rFopRoLh8t2bLSW6BbgrtLsahOIB5iyAVJf9GjWK3cYTDaMj4XdBpM1cA6pIS0Kv2w==",
      "dependencies": {
        "es-define-property": "^1.0.0",
        "es-errors": "^1.3.0",
        "function-bind": "^1.1.2",
        "get-intrinsic": "^1.2.4",
        "set-function-length": "^1.2.1"
      },
      "engines": {
        "node": ">= 0.4"
      },
      "funding": {
        "url": "https://github.com/sponsors/ljharb"
      }
    },
    "node_modules/define-data-property": {
      "version": "1.1.4",
      "resolved": "https://registry.npmjs.org/define-data-property/-/define-data-property-1.1.4.tgz",
      "integrity": "sha512-rBMvIzlpA8v6E+SJZoo++HAYqsLrkg7MSfIinMPFhmkorw7X+dOXVJQs+QT69zGkzMyfDnIMN2Wid1+NbL3T+A==",
      "dependencies": {
        "es-define-property": "^1.0.0",
        "es-errors": "^1.3.0",
        "gopd": "^1.0.1"
      },
      "engines": {
        "node": ">= 0.4"
      },
      "funding": {
        "url": "https://github.com/sponsors/ljharb"
      }
    },
    "node_modules/earcut": {
      "version": "2.2.4",
      "resolved": "https://registry.npmjs.org/earcut/-/earcut-2.2.4.tgz",
      "integrity": "sha512-/pjZsA1b4RPHbeWZQn66SWS8nZZWLQQ23oE3Eam7aroEFGEvwKAsJfZ9ytiEMycfzXWpca4FA9QIOehf7PocBQ=="
    },
    "node_modules/es-define-property": {
      "version": "1.0.0",
      "resolved": "https://registry.npmjs.org/es-define-property/-/es-define-property-1.0.0.tgz",
      "integrity": "sha512-jxayLKShrEqqzJ0eumQbVhTYQM27CfT1T35+gCgDFoL82JLsXqTJ76zv6A0YLOgEnLUMvLzsDsGIrl8NFpT2gQ==",
      "dependencies": {
        "get-intrinsic": "^1.2.4"
      },
      "engines": {
        "node": ">= 0.4"
      }
    },
    "node_modules/es-errors": {
      "version": "1.3.0",
      "resolved": "https://registry.npmjs.org/es-errors/-/es-errors-1.3.0.tgz",
      "integrity": "sha512-Zf5H2Kxt2xjTvbJvP2ZWLEICxA6j+hAmMzIlypy4xcBg1vKVnx89Wy0GbS+kf5cwCVFFzdCFh2XSCFNULS6csw==",
      "engines": {
        "node": ">= 0.4"
      }
    },
    "node_modules/eventemitter3": {
      "version": "3.1.2",
      "resolved": "https://registry.npmjs.org/eventemitter3/-/eventemitter3-3.1.2.tgz",
      "integrity": "sha512-tvtQIeLVHjDkJYnzf2dgVMxfuSGJeM/7UCG17TT4EumTfNtF+0nebF/4zWOIkCreAbtNqhGEboB6BWrwqNaw4Q=="
    },
    "node_modules/function-bind": {
      "version": "1.1.2",
      "resolved": "https://registry.npmjs.org/function-bind/-/function-bind-1.1.2.tgz",
      "integrity": "sha512-7XHNxH7qX9xG5mIwxkhumTox/MIRNcOgDrxWsMt2pAr23WHp6MrRlN7FBSFpCpr+oVO0F744iUgR82nJMfG2SA==",
      "funding": {
        "url": "https://github.com/sponsors/ljharb"
      }
    },
    "node_modules/get-intrinsic": {
      "version": "1.2.4",
      "resolved": "https://registry.npmjs.org/get-intrinsic/-/get-intrinsic-1.2.4.tgz",
      "integrity": "sha512-5uYhsJH8VJBTv7oslg4BznJYhDoRI6waYCxMmCdnTrcCrHA/fCFKoTFz2JKKE0HdDFUF7/oQuhzumXJK7paBRQ==",
      "dependencies": {
        "es-errors": "^1.3.0",
        "function-bind": "^1.1.2",
        "has-proto": "^1.0.1",
        "has-symbols": "^1.0.3",
        "hasown": "^2.0.0"
      },
      "engines": {
        "node": ">= 0.4"
      },
      "funding": {
        "url": "https://github.com/sponsors/ljharb"
      }
    },
    "node_modules/gopd": {
      "version": "1.0.1",
      "resolved": "https://registry.npmjs.org/gopd/-/gopd-1.0.1.tgz",
      "integrity": "sha512-d65bNlIadxvpb/A2abVdlqKqV563juRnZ1Wtk6s1sIR8uNsXR70xqIzVqxVf1eTqDunwT2MkczEeaezCKTZhwA==",
      "dependencies": {
        "get-intrinsic": "^1.1.3"
      },
      "funding": {
        "url": "https://github.com/sponsors/ljharb"
      }
    },
    "node_modules/has-property-descriptors": {
      "version": "1.0.2",
      "resolved": "https://registry.npmjs.org/has-property-descriptors/-/has-property-descriptors-1.0.2.tgz",
      "integrity": "sha512-55JNKuIW+vq4Ke1BjOTjM2YctQIvCT7GFzHwmfZPGo5wnrgkid0YQtnAleFSqumZm4az3n2BS+erby5ipJdgrg==",
      "dependencies": {
        "es-define-property": "^1.0.0"
      },
      "funding": {
        "url": "https://github.com/sponsors/ljharb"
      }
    },
    "node_modules/has-proto": {
      "version": "1.0.3",
      "resolved": "https://registry.npmjs.org/has-proto/-/has-proto-1.0.3.tgz",
      "integrity": "sha512-SJ1amZAJUiZS+PhsVLf5tGydlaVB8EdFpaSO4gmiUKUOxk8qzn5AIy4ZeJUmh22znIdk/uMAUT2pl3FxzVUH+Q==",
      "engines": {
        "node": ">= 0.4"
      },
      "funding": {
        "url": "https://github.com/sponsors/ljharb"
      }
    },
    "node_modules/has-symbols": {
      "version": "1.0.3",
      "resolved": "https://registry.npmjs.org/has-symbols/-/has-symbols-1.0.3.tgz",
      "integrity": "sha512-l3LCuF6MgDNwTDKkdYGEihYjt5pRPbEg46rtlmnSPlUbgmB8LOIrKJbYYFBSbnPaJexMKtiPO8hmeRjRz2Td+A==",
      "engines": {
        "node": ">= 0.4"
      },
      "funding": {
        "url": "https://github.com/sponsors/ljharb"
      }
    },
    "node_modules/hasown": {
      "version": "2.0.2",
      "resolved": "https://registry.npmjs.org/hasown/-/hasown-2.0.2.tgz",
      "integrity": "sha512-0hJU9SCPvmMzIBdZFqNPXWa6dqh7WdH0cII9y+CyS8rG3nL48Bclra9HmKhVVUHyPWNH5Y7xDwAB7bfgSjkUMQ==",
      "dependencies": {
        "function-bind": "^1.1.2"
      },
      "engines": {
        "node": ">= 0.4"
      }
    },
    "node_modules/ismobilejs": {
      "version": "1.1.1",
      "resolved": "https://registry.npmjs.org/ismobilejs/-/ismobilejs-1.1.1.tgz",
      "integrity": "sha512-VaFW53yt8QO61k2WJui0dHf4SlL8lxBofUuUmwBo0ljPk0Drz2TiuDW4jo3wDcv41qy/SxrJ+VAzJ/qYqsmzRw=="
    },
    "node_modules/mini-signals": {
      "version": "1.2.0",
      "resolved": "https://registry.npmjs.org/mini-signals/-/mini-signals-1.2.0.tgz",
      "integrity": "sha512-alffqMkGCjjTSwvYMVLx+7QeJ6sTuxbXqBkP21my4iWU5+QpTQAJt3h7htA1OKm9F3BpMM0vnu72QIoiJakrLA=="
    },
    "node_modules/object-assign": {
      "version": "4.1.1",
      "resolved": "https://registry.npmjs.org/object-assign/-/object-assign-4.1.1.tgz",
      "integrity": "sha512-rJgTQnkUnH1sFw8yT6VSU3zD3sWmu6sZhIseY8VX+GRu3P6F7Fu+JNDoXfklElbLJSnc3FUQHVe4cU5hj+BcUg==",
      "engines": {
        "node": ">=0.10.0"
      }
    },
    "node_modules/object-inspect": {
      "version": "1.13.1",
      "resolved": "https://registry.npmjs.org/object-inspect/-/object-inspect-1.13.1.tgz",
      "integrity": "sha512-5qoj1RUiKOMsCCNLV1CBiPYE10sziTsnmNxkAI/rZhiD63CF7IqdFGC/XzjWjpSgLf0LxXX3bDFIh0E18f6UhQ==",
      "funding": {
        "url": "https://github.com/sponsors/ljharb"
      }
    },
    "node_modules/parse-uri": {
      "version": "1.0.9",
      "resolved": "https://registry.npmjs.org/parse-uri/-/parse-uri-1.0.9.tgz",
      "integrity": "sha512-YZfRHHkEZa6qTfPF/xgZ1ErQYCABfud/Vcqp1Q1GNa7RKwv6Oe0YaxXfQQMnQsGdNTo3fwaT0GbVEX7dMAr7tw==",
      "engines": {
        "node": ">= 0.10"
      }
    },
    "node_modules/pixi.js": {
      "version": "6.0.2",
      "resolved": "https://registry.npmjs.org/pixi.js/-/pixi.js-6.0.2.tgz",
      "integrity": "sha512-ioH2+TxyWMwY+nlOgopxfHBBOpB2Wp79LBNCXPP8dIFWH6q70IAKAL++39aK7+MyLvdqwQ+tSnIWuAMNpKPJCw==",
      "dependencies": {
        "@pixi/accessibility": "6.0.2",
        "@pixi/app": "6.0.2",
        "@pixi/compressed-textures": "6.0.2",
        "@pixi/constants": "6.0.2",
        "@pixi/core": "6.0.2",
        "@pixi/display": "6.0.2",
        "@pixi/extract": "6.0.2",
        "@pixi/filter-alpha": "6.0.2",
        "@pixi/filter-blur": "6.0.2",
        "@pixi/filter-color-matrix": "6.0.2",
        "@pixi/filter-displacement": "6.0.2",
        "@pixi/filter-fxaa": "6.0.2",
        "@pixi/filter-noise": "6.0.2",
        "@pixi/graphics": "6.0.2",
        "@pixi/interaction": "6.0.2",
        "@pixi/loaders": "6.0.2",
        "@pixi/math": "6.0.2",
        "@pixi/mesh": "6.0.2",
        "@pixi/mesh-extras": "6.0.2",
        "@pixi/mixin-cache-as-bitmap": "6.0.2",
        "@pixi/mixin-get-child-by-name": "6.0.2",
        "@pixi/mixin-get-global-position": "6.0.2",
        "@pixi/particles": "6.0.2",
        "@pixi/polyfill": "6.0.2",
        "@pixi/prepare": "6.0.2",
        "@pixi/runner": "6.0.2",
        "@pixi/settings": "6.0.2",
        "@pixi/sprite": "6.0.2",
        "@pixi/sprite-animated": "6.0.2",
        "@pixi/sprite-tiling": "6.0.2",
        "@pixi/spritesheet": "6.0.2",
        "@pixi/text": "6.0.2",
        "@pixi/text-bitmap": "6.0.2",
        "@pixi/ticker": "6.0.2",
        "@pixi/utils": "6.0.2"
      },
      "funding": {
        "type": "opencollective",
        "url": "https://opencollective.com/pixijs"
      }
    },
    "node_modules/pixi.js/node_modules/@pixi/core": {
      "version": "6.0.2",
      "resolved": "https://registry.npmjs.org/@pixi/core/-/core-6.0.2.tgz",
      "integrity": "sha512-Bz0WQDncrXuLEjU6pX5INrCLd5UorgBfufgysQzncOITIER4sZjAq5R/mCS1M3d4mGFhXZQyMyQK+O4LacWvOQ==",
      "dependencies": {
        "@pixi/constants": "6.0.2",
        "@pixi/math": "6.0.2",
        "@pixi/runner": "6.0.2",
        "@pixi/settings": "6.0.2",
        "@pixi/ticker": "6.0.2",
        "@pixi/utils": "6.0.2"
      },
      "funding": {
        "type": "opencollective",
        "url": "https://opencollective.com/pixijs"
      }
    },
    "node_modules/promise-polyfill": {
      "version": "8.3.0",
      "resolved": "https://registry.npmjs.org/promise-polyfill/-/promise-polyfill-8.3.0.tgz",
      "integrity": "sha512-H5oELycFml5yto/atYqmjyigJoAo3+OXwolYiH7OfQuYlAqhxNvTfiNMbV9hsC6Yp83yE5r2KTVmtrG6R9i6Pg=="
    },
    "node_modules/punycode": {
      "version": "1.4.1",
      "resolved": "https://registry.npmjs.org/punycode/-/punycode-1.4.1.tgz",
      "integrity": "sha512-jmYNElW7yvO7TV33CjSmvSiE2yco3bV2czu/OzDKdMNVZQWfxCblURLhf+47syQRBntjfLdd/H0egrzIG+oaFQ=="
    },
    "node_modules/qs": {
      "version": "6.12.0",
      "resolved": "https://registry.npmjs.org/qs/-/qs-6.12.0.tgz",
      "integrity": "sha512-trVZiI6RMOkO476zLGaBIzszOdFPnCCXHPG9kn0yuS1uz6xdVxPfZdB3vUig9pxPFDM9BRAgz/YUIVQ1/vuiUg==",
      "dependencies": {
        "side-channel": "^1.0.6"
      },
      "engines": {
        "node": ">=0.6"
      },
      "funding": {
        "url": "https://github.com/sponsors/ljharb"
      }
    },
    "node_modules/resource-loader": {
      "version": "3.0.1",
      "resolved": "https://registry.npmjs.org/resource-loader/-/resource-loader-3.0.1.tgz",
      "integrity": "sha512-fBuCRbEHdLCI1eglzQhUv9Rrdcmqkydr1r6uHE2cYHvRBrcLXeSmbE/qI/urFt8rPr/IGxir3BUwM5kUK8XoyA==",
      "dependencies": {
        "mini-signals": "^1.2.0",
        "parse-uri": "^1.0.0"
      }
    },
    "node_modules/set-function-length": {
      "version": "1.2.2",
      "resolved": "https://registry.npmjs.org/set-function-length/-/set-function-length-1.2.2.tgz",
      "integrity": "sha512-pgRc4hJ4/sNjWCSS9AmnS40x3bNMDTknHgL5UaMBTMyJnU90EgWh1Rz+MC9eFu4BuN/UwZjKQuY/1v3rM7HMfg==",
      "dependencies": {
        "define-data-property": "^1.1.4",
        "es-errors": "^1.3.0",
        "function-bind": "^1.1.2",
        "get-intrinsic": "^1.2.4",
        "gopd": "^1.0.1",
        "has-property-descriptors": "^1.0.2"
      },
      "engines": {
        "node": ">= 0.4"
      }
    },
    "node_modules/side-channel": {
      "version": "1.0.6",
      "resolved": "https://registry.npmjs.org/side-channel/-/side-channel-1.0.6.tgz",
      "integrity": "sha512-fDW/EZ6Q9RiO8eFG8Hj+7u/oW+XrPTIChwCOM2+th2A6OblDtYYIpve9m+KvI9Z4C9qSEXlaGR6bTEYHReuglA==",
      "dependencies": {
        "call-bind": "^1.0.7",
        "es-errors": "^1.3.0",
        "get-intrinsic": "^1.2.4",
        "object-inspect": "^1.13.1"
      },
      "engines": {
        "node": ">= 0.4"
      },
      "funding": {
        "url": "https://github.com/sponsors/ljharb"
      }
    },
    "node_modules/url": {
      "version": "0.11.3",
      "resolved": "https://registry.npmjs.org/url/-/url-0.11.3.tgz",
      "integrity": "sha512-6hxOLGfZASQK/cijlZnZJTq8OXAkt/3YGfQX45vvMYXpZoo8NdWZcY73K108Jf759lS1Bv/8wXnHDTSz17dSRw==",
      "dependencies": {
        "punycode": "^1.4.1",
        "qs": "^6.11.2"
      }
    }
  }
}
